
Microsoft Visual Studio Solution File, Format Version 12.00
# Visual Studio Version 17
VisualStudioVersion = 17.11.35103.136
MinimumVisualStudioVersion = 10.0.40219.1
Project("{2150E333-8FDC-42A3-9474-1A3956D46DE8}") = "src", "src", "{80D76647-F232-44DA-9035-91A08E47BC62}"
EndProject
Project("{2150E333-8FDC-42A3-9474-1A3956D46DE8}") = "test", "test", "{9D00EEBE-0ECA-4BD5-B3A6-60D36CF3CE3B}"
EndProject
Project("{2150E333-8FDC-42A3-9474-1A3956D46DE8}") = "solution-items", "solution-items", "{4B5A7A13-CE91-4AD3-A1C8-203F3CFC6C59}"
	ProjectSection(SolutionItems) = preProject
		.gitattributes = .gitattributes
		.gitignore = .gitignore
		LICENSE = LICENSE
		README.md = README.md
	EndProjectSection
EndProject
Project("{9A19103F-16F7-4668-BE54-9A1E7A4F7556}") = "CoreMe.Infrastructure", "src\CoreMe.Infrastructure\CoreMe.Infrastructure.csproj", "{7C2EABF0-0AE2-4EA4-948E-3733AC708ECB}"
EndProject
Project("{9A19103F-16F7-4668-BE54-9A1E7A4F7556}") = "CoreMe.Domain", "src\CoreMe.Domain\CoreMe.Domain.csproj", "{AA41D954-739D-40DA-AF1D-F265DCE3FF41}"
EndProject
Project("{9A19103F-16F7-4668-BE54-9A1E7A4F7556}") = "CoreMe.Application", "src\CoreMe.Application\CoreMe.Application.csproj", "{1D5CA24B-92FE-4135-AC80-EB627489822F}"
EndProject
Project("{9A19103F-16F7-4668-BE54-9A1E7A4F7556}") = "CoreMe.Application.Test", "tests\CoreMe.Application.Test\CoreMe.Application.Test.csproj", "{E64416FB-88D8-430B-9242-20405A6ED33F}"
EndProject
Project("{9A19103F-16F7-4668-BE54-9A1E7A4F7556}") = "CoreMe.Api", "src\CoreMe.Api\CoreMe.Api.csproj", "{645C1C6E-46DD-47BD-8A2F-EE351D5D46ED}"
EndProject
Global
	GlobalSection(SolutionConfigurationPlatforms) = preSolution
		Debug|Any CPU = Debug|Any CPU
		Release|Any CPU = Release|Any CPU
	EndGlobalSection
	GlobalSection(ProjectConfigurationPlatforms) = postSolution
		{7C2EABF0-0AE2-4EA4-948E-3733AC708ECB}.Debug|Any CPU.ActiveCfg = Debug|Any CPU
		{7C2EABF0-0AE2-4EA4-948E-3733AC708ECB}.Debug|Any CPU.Build.0 = Debug|Any CPU
		{7C2EABF0-0AE2-4EA4-948E-3733AC708ECB}.Release|Any CPU.ActiveCfg = Release|Any CPU
		{7C2EABF0-0AE2-4EA4-948E-3733AC708ECB}.Release|Any CPU.Build.0 = Release|Any CPU
		{AA41D954-739D-40DA-AF1D-F265DCE3FF41}.Debug|Any CPU.ActiveCfg = Debug|Any CPU
		{AA41D954-739D-40DA-AF1D-F265DCE3FF41}.Debug|Any CPU.Build.0 = Debug|Any CPU
		{AA41D954-739D-40DA-AF1D-F265DCE3FF41}.Release|Any CPU.ActiveCfg = Release|Any CPU
		{AA41D954-739D-40DA-AF1D-F265DCE3FF41}.Release|Any CPU.Build.0 = Release|Any CPU
		{1D5CA24B-92FE-4135-AC80-EB627489822F}.Debug|Any CPU.ActiveCfg = Debug|Any CPU
		{1D5CA24B-92FE-4135-AC80-EB627489822F}.Debug|Any CPU.Build.0 = Debug|Any CPU
		{1D5CA24B-92FE-4135-AC80-EB627489822F}.Release|Any CPU.ActiveCfg = Release|Any CPU
		{1D5CA24B-92FE-4135-AC80-EB627489822F}.Release|Any CPU.Build.0 = Release|Any CPU
		{E64416FB-88D8-430B-9242-20405A6ED33F}.Debug|Any CPU.ActiveCfg = Debug|Any CPU
		{E64416FB-88D8-430B-9242-20405A6ED33F}.Debug|Any CPU.Build.0 = Debug|Any CPU
		{E64416FB-88D8-430B-9242-20405A6ED33F}.Release|Any CPU.ActiveCfg = Release|Any CPU
		{E64416FB-88D8-430B-9242-20405A6ED33F}.Release|Any CPU.Build.0 = Release|Any CPU
		{645C1C6E-46DD-47BD-8A2F-EE351D5D46ED}.Debug|Any CPU.ActiveCfg = Debug|Any CPU
		{645C1C6E-46DD-47BD-8A2F-EE351D5D46ED}.Debug|Any CPU.Build.0 = Debug|Any CPU
		{645C1C6E-46DD-47BD-8A2F-EE351D5D46ED}.Release|Any CPU.ActiveCfg = Release|Any CPU
		{645C1C6E-46DD-47BD-8A2F-EE351D5D46ED}.Release|Any CPU.Build.0 = Release|Any CPU
	EndGlobalSection
	GlobalSection(SolutionProperties) = preSolution
		HideSolutionNode = FALSE
	EndGlobalSection
	GlobalSection(NestedProjects) = preSolution
		{7C2EABF0-0AE2-4EA4-948E-3733AC708ECB} = {80D76647-F232-44DA-9035-91A08E47BC62}
		{AA41D954-739D-40DA-AF1D-F265DCE3FF41} = {80D76647-F232-44DA-9035-91A08E47BC62}
		{1D5CA24B-92FE-4135-AC80-EB627489822F} = {80D76647-F232-44DA-9035-91A08E47BC62}
		{E64416FB-88D8-430B-9242-20405A6ED33F} = {9D00EEBE-0ECA-4BD5-B3A6-60D36CF3CE3B}
		{645C1C6E-46DD-47BD-8A2F-EE351D5D46ED} = {80D76647-F232-44DA-9035-91A08E47BC62}
	EndGlobalSection
	GlobalSection(ExtensibilityGlobals) = postSolution
		SolutionGuid = {92900FFE-D804-41EE-81C6-BC4D855601B8}
	EndGlobalSection
EndGlobal
