
Microsoft Visual Studio Solution File, Format Version 12.00
# Visual Studio Version 16
VisualStudioVersion = 16.0.30717.126
MinimumVisualStudioVersion = 10.0.40219.1
Project("{2150E333-8FDC-42A3-9474-1A3956D46DE8}") = "src", "src", "{F970A45D-06EB-4391-BB48-FDC824AF17CD}"
EndProject
Project("{2150E333-8FDC-42A3-9474-1A3956D46DE8}") = "solutionItems", "solutionItems", "{3231ED4B-57E7-46B3-BB2C-57BFA92ABAD4}"
	ProjectSection(SolutionItems) = preProject
		.gitattributes = .gitattributes
		.gitignore = .gitignore
		LICENSE = LICENSE
		README.md = README.md
	EndProjectSection
EndProject
Project("{9A19103F-16F7-4668-BE54-9A1E7A4F7556}") = "Memoyu.Application", "src\Memoyu.Application\Memoyu.Application.csproj", "{7FA5AA53-B921-41E8-90D3-0F141AB47E37}"
EndProject
Project("{9A19103F-16F7-4668-BE54-9A1E7A4F7556}") = "Memoyu.Application.Contracts", "src\Memoyu.Application.Contracts\Memoyu.Application.Contracts.csproj", "{9AB8984A-CFAC-4DE2-A36A-4316C2650F93}"
EndProject
Project("{9A19103F-16F7-4668-BE54-9A1E7A4F7556}") = "Memoyu.Core", "src\Memoyu.Core\Memoyu.Core.csproj", "{93956868-8786-4F41-9259-4F9724DF579E}"
EndProject
Project("{9A19103F-16F7-4668-BE54-9A1E7A4F7556}") = "Memoyu.Infrastructure", "src\Memoyu.Infrastructure\Memoyu.Infrastructure.csproj", "{86A3F7D3-DD1D-4215-A7FB-CD58D52297A9}"
EndProject
Project("{9A19103F-16F7-4668-BE54-9A1E7A4F7556}") = "Memoyu.Web", "src\Memoyu.Web\Memoyu.Web.csproj", "{1AB3065C-9581-473C-B825-3491FD6FF654}"
EndProject
Project("{9A19103F-16F7-4668-BE54-9A1E7A4F7556}") = "Memoyu.Extensions", "src\Memoyu.Extensions\Memoyu.Extensions.csproj", "{A1DF01B7-6ABF-4D70-A097-36BF0969FE1B}"
EndProject
Global
	GlobalSection(SolutionConfigurationPlatforms) = preSolution
		Debug|Any CPU = Debug|Any CPU
		Release|Any CPU = Release|Any CPU
	EndGlobalSection
	GlobalSection(ProjectConfigurationPlatforms) = postSolution
		{7FA5AA53-B921-41E8-90D3-0F141AB47E37}.Debug|Any CPU.ActiveCfg = Debug|Any CPU
		{7FA5AA53-B921-41E8-90D3-0F141AB47E37}.Debug|Any CPU.Build.0 = Debug|Any CPU
		{7FA5AA53-B921-41E8-90D3-0F141AB47E37}.Release|Any CPU.ActiveCfg = Release|Any CPU
		{7FA5AA53-B921-41E8-90D3-0F141AB47E37}.Release|Any CPU.Build.0 = Release|Any CPU
		{9AB8984A-CFAC-4DE2-A36A-4316C2650F93}.Debug|Any CPU.ActiveCfg = Debug|Any CPU
		{9AB8984A-CFAC-4DE2-A36A-4316C2650F93}.Debug|Any CPU.Build.0 = Debug|Any CPU
		{9AB8984A-CFAC-4DE2-A36A-4316C2650F93}.Release|Any CPU.ActiveCfg = Release|Any CPU
		{9AB8984A-CFAC-4DE2-A36A-4316C2650F93}.Release|Any CPU.Build.0 = Release|Any CPU
		{93956868-8786-4F41-9259-4F9724DF579E}.Debug|Any CPU.ActiveCfg = Debug|Any CPU
		{93956868-8786-4F41-9259-4F9724DF579E}.Debug|Any CPU.Build.0 = Debug|Any CPU
		{93956868-8786-4F41-9259-4F9724DF579E}.Release|Any CPU.ActiveCfg = Release|Any CPU
		{93956868-8786-4F41-9259-4F9724DF579E}.Release|Any CPU.Build.0 = Release|Any CPU
		{86A3F7D3-DD1D-4215-A7FB-CD58D52297A9}.Debug|Any CPU.ActiveCfg = Debug|Any CPU
		{86A3F7D3-DD1D-4215-A7FB-CD58D52297A9}.Debug|Any CPU.Build.0 = Debug|Any CPU
		{86A3F7D3-DD1D-4215-A7FB-CD58D52297A9}.Release|Any CPU.ActiveCfg = Release|Any CPU
		{86A3F7D3-DD1D-4215-A7FB-CD58D52297A9}.Release|Any CPU.Build.0 = Release|Any CPU
		{1AB3065C-9581-473C-B825-3491FD6FF654}.Debug|Any CPU.ActiveCfg = Debug|Any CPU
		{1AB3065C-9581-473C-B825-3491FD6FF654}.Debug|Any CPU.Build.0 = Debug|Any CPU
		{1AB3065C-9581-473C-B825-3491FD6FF654}.Release|Any CPU.ActiveCfg = Release|Any CPU
		{1AB3065C-9581-473C-B825-3491FD6FF654}.Release|Any CPU.Build.0 = Release|Any CPU
		{A1DF01B7-6ABF-4D70-A097-36BF0969FE1B}.Debug|Any CPU.ActiveCfg = Debug|Any CPU
		{A1DF01B7-6ABF-4D70-A097-36BF0969FE1B}.Debug|Any CPU.Build.0 = Debug|Any CPU
		{A1DF01B7-6ABF-4D70-A097-36BF0969FE1B}.Release|Any CPU.ActiveCfg = Release|Any CPU
		{A1DF01B7-6ABF-4D70-A097-36BF0969FE1B}.Release|Any CPU.Build.0 = Release|Any CPU
	EndGlobalSection
	GlobalSection(SolutionProperties) = preSolution
		HideSolutionNode = FALSE
	EndGlobalSection
	GlobalSection(NestedProjects) = preSolution
		{7FA5AA53-B921-41E8-90D3-0F141AB47E37} = {F970A45D-06EB-4391-BB48-FDC824AF17CD}
		{9AB8984A-CFAC-4DE2-A36A-4316C2650F93} = {F970A45D-06EB-4391-BB48-FDC824AF17CD}
		{93956868-8786-4F41-9259-4F9724DF579E} = {F970A45D-06EB-4391-BB48-FDC824AF17CD}
		{86A3F7D3-DD1D-4215-A7FB-CD58D52297A9} = {F970A45D-06EB-4391-BB48-FDC824AF17CD}
		{1AB3065C-9581-473C-B825-3491FD6FF654} = {F970A45D-06EB-4391-BB48-FDC824AF17CD}
		{A1DF01B7-6ABF-4D70-A097-36BF0969FE1B} = {F970A45D-06EB-4391-BB48-FDC824AF17CD}
	EndGlobalSection
	GlobalSection(ExtensibilityGlobals) = postSolution
		SolutionGuid = {8CF91DBB-A32A-499D-AAD5-78C2308C5500}
	EndGlobalSection
EndGlobal
